// !$*UTF8*$!
{
	archiveVersion = 1;
	classes = {
	};
	objectVersion = 46;
	objects = {

/* Begin PBXBuildFile section */
		0257282D1E8A8F2900346F9B /* cuteBlanketDog.jpg in Resources */ = {isa = PBXBuildFile; fileRef = 025728241E8A8F2900346F9B /* cuteBlanketDog.jpg */; };
		0257282E1E8A8F2900346F9B /* cuteDeer.jpg in Resources */ = {isa = PBXBuildFile; fileRef = 025728251E8A8F2900346F9B /* cuteDeer.jpg */; };
		0257282F1E8A8F2900346F9B /* cuteDoggo.jpg in Resources */ = {isa = PBXBuildFile; fileRef = 025728261E8A8F2900346F9B /* cuteDoggo.jpg */; };
		025728301E8A8F2900346F9B /* cuteDoodle.jpg in Resources */ = {isa = PBXBuildFile; fileRef = 025728271E8A8F2900346F9B /* cuteDoodle.jpg */; };
		025728311E8A8F2900346F9B /* cuteHedgehog.jpg in Resources */ = {isa = PBXBuildFile; fileRef = 025728281E8A8F2900346F9B /* cuteHedgehog.jpg */; };
		025728321E8A8F2900346F9B /* cuteLilDeer.jpg in Resources */ = {isa = PBXBuildFile; fileRef = 025728291E8A8F2900346F9B /* cuteLilDeer.jpg */; };
		025728331E8A8F2900346F9B /* cuteLilGuy.jpg in Resources */ = {isa = PBXBuildFile; fileRef = 0257282A1E8A8F2900346F9B /* cuteLilGuy.jpg */; };
		025728341E8A8F2900346F9B /* cutePupper.jpg in Resources */ = {isa = PBXBuildFile; fileRef = 0257282B1E8A8F2900346F9B /* cutePupper.jpg */; };
		025728351E8A8F2900346F9B /* cuteSeaLion.jpg in Resources */ = {isa = PBXBuildFile; fileRef = 0257282C1E8A8F2900346F9B /* cuteSeaLion.jpg */; };
		02FBD80E1E8548F100EA38DB /* AppDelegate.swift in Sources */ = {isa = PBXBuildFile; fileRef = 02FBD80D1E8548F100EA38DB /* AppDelegate.swift */; };
		02FBD8101E8548F100EA38DB /* MasterViewController.swift in Sources */ = {isa = PBXBuildFile; fileRef = 02FBD80F1E8548F100EA38DB /* MasterViewController.swift */; };
		02FBD8121E8548F100EA38DB /* DetailViewController.swift in Sources */ = {isa = PBXBuildFile; fileRef = 02FBD8111E8548F100EA38DB /* DetailViewController.swift */; };
		02FBD8151E8548F100EA38DB /* Main.storyboard in Resources */ = {isa = PBXBuildFile; fileRef = 02FBD8131E8548F100EA38DB /* Main.storyboard */; };
		02FBD8171E8548F100EA38DB /* Images.xcassets in Resources */ = {isa = PBXBuildFile; fileRef = 02FBD8161E8548F100EA38DB /* Images.xcassets */; };
		02FBD81A1E8548F100EA38DB /* LaunchScreen.xib in Resources */ = {isa = PBXBuildFile; fileRef = 02FBD8181E8548F100EA38DB /* LaunchScreen.xib */; };
		02FBD8261E8548F100EA38DB /* Project1Tests.swift in Sources */ = {isa = PBXBuildFile; fileRef = 02FBD8251E8548F100EA38DB /* Project1Tests.swift */; };
		02FBD83B1E85499600EA38DB /* nssl0033.jpg in Resources */ = {isa = PBXBuildFile; fileRef = 02FBD8311E85499600EA38DB /* nssl0033.jpg */; };
		02FBD83C1E85499600EA38DB /* nssl0034.jpg in Resources */ = {isa = PBXBuildFile; fileRef = 02FBD8321E85499600EA38DB /* nssl0034.jpg */; };
		02FBD83D1E85499600EA38DB /* nssl0041.jpg in Resources */ = {isa = PBXBuildFile; fileRef = 02FBD8331E85499600EA38DB /* nssl0041.jpg */; };
		02FBD83E1E85499600EA38DB /* nssl0042.jpg in Resources */ = {isa = PBXBuildFile; fileRef = 02FBD8341E85499600EA38DB /* nssl0042.jpg */; };
		02FBD83F1E85499600EA38DB /* nssl0043.jpg in Resources */ = {isa = PBXBuildFile; fileRef = 02FBD8351E85499600EA38DB /* nssl0043.jpg */; };
		02FBD8401E85499600EA38DB /* nssl0045.jpg in Resources */ = {isa = PBXBuildFile; fileRef = 02FBD8361E85499600EA38DB /* nssl0045.jpg */; };
		02FBD8411E85499600EA38DB /* nssl0046.jpg in Resources */ = {isa = PBXBuildFile; fileRef = 02FBD8371E85499600EA38DB /* nssl0046.jpg */; };
		02FBD8421E85499600EA38DB /* nssl0049.jpg in Resources */ = {isa = PBXBuildFile; fileRef = 02FBD8381E85499600EA38DB /* nssl0049.jpg */; };
		02FBD8431E85499600EA38DB /* nssl0051.jpg in Resources */ = {isa = PBXBuildFile; fileRef = 02FBD8391E85499600EA38DB /* nssl0051.jpg */; };
		02FBD8441E85499600EA38DB /* nssl0091.jpg in Resources */ = {isa = PBXBuildFile; fileRef = 02FBD83A1E85499600EA38DB /* nssl0091.jpg */; };
/* End PBXBuildFile section */

/* Begin PBXContainerItemProxy section */
		02FBD8201E8548F100EA38DB /* PBXContainerItemProxy */ = {
			isa = PBXContainerItemProxy;
			containerPortal = 02FBD8001E8548F100EA38DB /* Project object */;
			proxyType = 1;
			remoteGlobalIDString = 02FBD8071E8548F100EA38DB;
			remoteInfo = Project1;
		};
/* End PBXContainerItemProxy section */

/* Begin PBXFileReference section */
		025728241E8A8F2900346F9B /* cuteBlanketDog.jpg */ = {isa = PBXFileReference; lastKnownFileType = image.jpeg; path = cuteBlanketDog.jpg; sourceTree = "<group>"; };
		025728251E8A8F2900346F9B /* cuteDeer.jpg */ = {isa = PBXFileReference; lastKnownFileType = image.jpeg; path = cuteDeer.jpg; sourceTree = "<group>"; };
		025728261E8A8F2900346F9B /* cuteDoggo.jpg */ = {isa = PBXFileReference; lastKnownFileType = image.jpeg; path = cuteDoggo.jpg; sourceTree = "<group>"; };
		025728271E8A8F2900346F9B /* cuteDoodle.jpg */ = {isa = PBXFileReference; lastKnownFileType = image.jpeg; path = cuteDoodle.jpg; sourceTree = "<group>"; };
		025728281E8A8F2900346F9B /* cuteHedgehog.jpg */ = {isa = PBXFileReference; lastKnownFileType = image.jpeg; path = cuteHedgehog.jpg; sourceTree = "<group>"; };
		025728291E8A8F2900346F9B /* cuteLilDeer.jpg */ = {isa = PBXFileReference; lastKnownFileType = image.jpeg; path = cuteLilDeer.jpg; sourceTree = "<group>"; };
		0257282A1E8A8F2900346F9B /* cuteLilGuy.jpg */ = {isa = PBXFileReference; lastKnownFileType = image.jpeg; path = cuteLilGuy.jpg; sourceTree = "<group>"; };
		0257282B1E8A8F2900346F9B /* cutePupper.jpg */ = {isa = PBXFileReference; lastKnownFileType = image.jpeg; path = cutePupper.jpg; sourceTree = "<group>"; };
		0257282C1E8A8F2900346F9B /* cuteSeaLion.jpg */ = {isa = PBXFileReference; lastKnownFileType = image.jpeg; path = cuteSeaLion.jpg; sourceTree = "<group>"; };
		02FBD8081E8548F100EA38DB /* Project1.app */ = {isa = PBXFileReference; explicitFileType = wrapper.application; includeInIndex = 0; path = Project1.app; sourceTree = BUILT_PRODUCTS_DIR; };
		02FBD80C1E8548F100EA38DB /* Info.plist */ = {isa = PBXFileReference; lastKnownFileType = text.plist.xml; path = Info.plist; sourceTree = "<group>"; };
		02FBD80D1E8548F100EA38DB /* AppDelegate.swift */ = {isa = PBXFileReference; lastKnownFileType = sourcecode.swift; path = AppDelegate.swift; sourceTree = "<group>"; };
		02FBD80F1E8548F100EA38DB /* MasterViewController.swift */ = {isa = PBXFileReference; lastKnownFileType = sourcecode.swift; path = MasterViewController.swift; sourceTree = "<group>"; };
		02FBD8111E8548F100EA38DB /* DetailViewController.swift */ = {isa = PBXFileReference; lastKnownFileType = sourcecode.swift; path = DetailViewController.swift; sourceTree = "<group>"; };
		02FBD8141E8548F100EA38DB /* Base */ = {isa = PBXFileReference; lastKnownFileType = file.storyboard; name = Base; path = Base.lproj/Main.storyboard; sourceTree = "<group>"; };
		02FBD8161E8548F100EA38DB /* Images.xcassets */ = {isa = PBXFileReference; lastKnownFileType = folder.assetcatalog; path = Images.xcassets; sourceTree = "<group>"; };
		02FBD8191E8548F100EA38DB /* Base */ = {isa = PBXFileReference; lastKnownFileType = file.xib; name = Base; path = Base.lproj/LaunchScreen.xib; sourceTree = "<group>"; };
		02FBD81F1E8548F100EA38DB /* Project1Tests.xctest */ = {isa = PBXFileReference; explicitFileType = wrapper.cfbundle; includeInIndex = 0; path = Project1Tests.xctest; sourceTree = BUILT_PRODUCTS_DIR; };
		02FBD8241E8548F100EA38DB /* Info.plist */ = {isa = PBXFileReference; lastKnownFileType = text.plist.xml; path = Info.plist; sourceTree = "<group>"; };
		02FBD8251E8548F100EA38DB /* Project1Tests.swift */ = {isa = PBXFileReference; lastKnownFileType = sourcecode.swift; path = Project1Tests.swift; sourceTree = "<group>"; };
		02FBD8311E85499600EA38DB /* nssl0033.jpg */ = {isa = PBXFileReference; lastKnownFileType = image.jpeg; path = nssl0033.jpg; sourceTree = "<group>"; };
		02FBD8321E85499600EA38DB /* nssl0034.jpg */ = {isa = PBXFileReference; lastKnownFileType = image.jpeg; path = nssl0034.jpg; sourceTree = "<group>"; };
		02FBD8331E85499600EA38DB /* nssl0041.jpg */ = {isa = PBXFileReference; lastKnownFileType = image.jpeg; path = nssl0041.jpg; sourceTree = "<group>"; };
		02FBD8341E85499600EA38DB /* nssl0042.jpg */ = {isa = PBXFileReference; lastKnownFileType = image.jpeg; path = nssl0042.jpg; sourceTree = "<group>"; };
		02FBD8351E85499600EA38DB /* nssl0043.jpg */ = {isa = PBXFileReference; lastKnownFileType = image.jpeg; path = nssl0043.jpg; sourceTree = "<group>"; };
		02FBD8361E85499600EA38DB /* nssl0045.jpg */ = {isa = PBXFileReference; lastKnownFileType = image.jpeg; path = nssl0045.jpg; sourceTree = "<group>"; };
		02FBD8371E85499600EA38DB /* nssl0046.jpg */ = {isa = PBXFileReference; lastKnownFileType = image.jpeg; path = nssl0046.jpg; sourceTree = "<group>"; };
		02FBD8381E85499600EA38DB /* nssl0049.jpg */ = {isa = PBXFileReference; lastKnownFileType = image.jpeg; path = nssl0049.jpg; sourceTree = "<group>"; };
		02FBD8391E85499600EA38DB /* nssl0051.jpg */ = {isa = PBXFileReference; lastKnownFileType = image.jpeg; path = nssl0051.jpg; sourceTree = "<group>"; };
		02FBD83A1E85499600EA38DB /* nssl0091.jpg */ = {isa = PBXFileReference; lastKnownFileType = image.jpeg; path = nssl0091.jpg; sourceTree = "<group>"; };
/* End PBXFileReference section */

/* Begin PBXFrameworksBuildPhase section */
		02FBD8051E8548F100EA38DB /* Frameworks */ = {
			isa = PBXFrameworksBuildPhase;
			buildActionMask = 2147483647;
			files = (
			);
			runOnlyForDeploymentPostprocessing = 0;
		};
		02FBD81C1E8548F100EA38DB /* Frameworks */ = {
			isa = PBXFrameworksBuildPhase;
			buildActionMask = 2147483647;
			files = (
			);
			runOnlyForDeploymentPostprocessing = 0;
		};
/* End PBXFrameworksBuildPhase section */

/* Begin PBXGroup section */
		025728231E8A8F2900346F9B /* cuties */ = {
			isa = PBXGroup;
			children = (
				025728241E8A8F2900346F9B /* cuteBlanketDog.jpg */,
				025728251E8A8F2900346F9B /* cuteDeer.jpg */,
				025728261E8A8F2900346F9B /* cuteDoggo.jpg */,
				025728271E8A8F2900346F9B /* cuteDoodle.jpg */,
				025728281E8A8F2900346F9B /* cuteHedgehog.jpg */,
				025728291E8A8F2900346F9B /* cuteLilDeer.jpg */,
				0257282A1E8A8F2900346F9B /* cuteLilGuy.jpg */,
				0257282B1E8A8F2900346F9B /* cutePupper.jpg */,
				0257282C1E8A8F2900346F9B /* cuteSeaLion.jpg */,
			);
			path = cuties;
			sourceTree = "<group>";
		};
		02FBD7FF1E8548F100EA38DB = {
			isa = PBXGroup;
			children = (
				02FBD80A1E8548F100EA38DB /* Project1 */,
				02FBD8221E8548F100EA38DB /* Project1Tests */,
				02FBD8091E8548F100EA38DB /* Products */,
			);
			sourceTree = "<group>";
		};
		02FBD8091E8548F100EA38DB /* Products */ = {
			isa = PBXGroup;
			children = (
				02FBD8081E8548F100EA38DB /* Project1.app */,
				02FBD81F1E8548F100EA38DB /* Project1Tests.xctest */,
			);
			name = Products;
			sourceTree = "<group>";
		};
		02FBD80A1E8548F100EA38DB /* Project1 */ = {
			isa = PBXGroup;
			children = (
				02FBD80D1E8548F100EA38DB /* AppDelegate.swift */,
				02FBD80F1E8548F100EA38DB /* MasterViewController.swift */,
				02FBD8111E8548F100EA38DB /* DetailViewController.swift */,
				02FBD8131E8548F100EA38DB /* Main.storyboard */,
				02FBD8161E8548F100EA38DB /* Images.xcassets */,
				02FBD8181E8548F100EA38DB /* LaunchScreen.xib */,
				02FBD80B1E8548F100EA38DB /* Supporting Files */,
			);
			path = Project1;
			sourceTree = "<group>";
		};
		02FBD80B1E8548F100EA38DB /* Supporting Files */ = {
			isa = PBXGroup;
			children = (
				02FBD82F1E85499600EA38DB /* Project1 Files */,
				02FBD80C1E8548F100EA38DB /* Info.plist */,
			);
			name = "Supporting Files";
			sourceTree = "<group>";
		};
		02FBD8221E8548F100EA38DB /* Project1Tests */ = {
			isa = PBXGroup;
			children = (
				02FBD8251E8548F100EA38DB /* Project1Tests.swift */,
				02FBD8231E8548F100EA38DB /* Supporting Files */,
			);
			path = Project1Tests;
			sourceTree = "<group>";
		};
		02FBD8231E8548F100EA38DB /* Supporting Files */ = {
			isa = PBXGroup;
			children = (
				02FBD8241E8548F100EA38DB /* Info.plist */,
			);
			name = "Supporting Files";
			sourceTree = "<group>";
		};
		02FBD82F1E85499600EA38DB /* Project1 Files */ = {
			isa = PBXGroup;
			children = (
				02FBD8301E85499600EA38DB /* Content */,
			);
			path = "Project1 Files";
			sourceTree = "<group>";
		};
		02FBD8301E85499600EA38DB /* Content */ = {
			isa = PBXGroup;
			children = (
				025728231E8A8F2900346F9B /* cuties */,
				02FBD8311E85499600EA38DB /* nssl0033.jpg */,
				02FBD8321E85499600EA38DB /* nssl0034.jpg */,
				02FBD8331E85499600EA38DB /* nssl0041.jpg */,
				02FBD8341E85499600EA38DB /* nssl0042.jpg */,
				02FBD8351E85499600EA38DB /* nssl0043.jpg */,
				02FBD8361E85499600EA38DB /* nssl0045.jpg */,
				02FBD8371E85499600EA38DB /* nssl0046.jpg */,
				02FBD8381E85499600EA38DB /* nssl0049.jpg */,
				02FBD8391E85499600EA38DB /* nssl0051.jpg */,
				02FBD83A1E85499600EA38DB /* nssl0091.jpg */,
			);
			path = Content;
			sourceTree = "<group>";
		};
/* End PBXGroup section */

/* Begin PBXNativeTarget section */
		02FBD8071E8548F100EA38DB /* Project1 */ = {
			isa = PBXNativeTarget;
			buildConfigurationList = 02FBD8291E8548F100EA38DB /* Build configuration list for PBXNativeTarget "Project1" */;
			buildPhases = (
				02FBD8041E8548F100EA38DB /* Sources */,
				02FBD8051E8548F100EA38DB /* Frameworks */,
				02FBD8061E8548F100EA38DB /* Resources */,
			);
			buildRules = (
			);
			dependencies = (
			);
			name = Project1;
			productName = Project1;
			productReference = 02FBD8081E8548F100EA38DB /* Project1.app */;
			productType = "com.apple.product-type.application";
		};
		02FBD81E1E8548F100EA38DB /* Project1Tests */ = {
			isa = PBXNativeTarget;
			buildConfigurationList = 02FBD82C1E8548F100EA38DB /* Build configuration list for PBXNativeTarget "Project1Tests" */;
			buildPhases = (
				02FBD81B1E8548F100EA38DB /* Sources */,
				02FBD81C1E8548F100EA38DB /* Frameworks */,
				02FBD81D1E8548F100EA38DB /* Resources */,
			);
			buildRules = (
			);
			dependencies = (
				02FBD8211E8548F100EA38DB /* PBXTargetDependency */,
			);
			name = Project1Tests;
			productName = Project1Tests;
			productReference = 02FBD81F1E8548F100EA38DB /* Project1Tests.xctest */;
			productType = "com.apple.product-type.bundle.unit-test";
		};
/* End PBXNativeTarget section */

/* Begin PBXProject section */
		02FBD8001E8548F100EA38DB /* Project object */ = {
			isa = PBXProject;
			attributes = {
				LastUpgradeCheck = 0640;
				ORGANIZATIONNAME = "Treehouse Island";
				TargetAttributes = {
					02FBD8071E8548F100EA38DB = {
						CreatedOnToolsVersion = 6.4;
					};
					02FBD81E1E8548F100EA38DB = {
						CreatedOnToolsVersion = 6.4;
						TestTargetID = 02FBD8071E8548F100EA38DB;
					};
				};
			};
			buildConfigurationList = 02FBD8031E8548F100EA38DB /* Build configuration list for PBXProject "Project1" */;
			compatibilityVersion = "Xcode 3.2";
			developmentRegion = English;
			hasScannedForEncodings = 0;
			knownRegions = (
				en,
				Base,
			);
			mainGroup = 02FBD7FF1E8548F100EA38DB;
			productRefGroup = 02FBD8091E8548F100EA38DB /* Products */;
			projectDirPath = "";
			projectRoot = "";
			targets = (
				02FBD8071E8548F100EA38DB /* Project1 */,
				02FBD81E1E8548F100EA38DB /* Project1Tests */,
			);
		};
/* End PBXProject section */

/* Begin PBXResourcesBuildPhase section */
		02FBD8061E8548F100EA38DB /* Resources */ = {
			isa = PBXResourcesBuildPhase;
			buildActionMask = 2147483647;
			files = (
				0257282E1E8A8F2900346F9B /* cuteDeer.jpg in Resources */,
				02FBD83C1E85499600EA38DB /* nssl0034.jpg in Resources */,
				0257282D1E8A8F2900346F9B /* cuteBlanketDog.jpg in Resources */,
				02FBD8431E85499600EA38DB /* nssl0051.jpg in Resources */,
				025728321E8A8F2900346F9B /* cuteLilDeer.jpg in Resources */,
				025728341E8A8F2900346F9B /* cutePupper.jpg in Resources */,
				02FBD8151E8548F100EA38DB /* Main.storyboard in Resources */,
				02FBD83F1E85499600EA38DB /* nssl0043.jpg in Resources */,
				025728301E8A8F2900346F9B /* cuteDoodle.jpg in Resources */,
				02FBD83B1E85499600EA38DB /* nssl0033.jpg in Resources */,
				02FBD8401E85499600EA38DB /* nssl0045.jpg in Resources */,
				025728311E8A8F2900346F9B /* cuteHedgehog.jpg in Resources */,
				025728351E8A8F2900346F9B /* cuteSeaLion.jpg in Resources */,
				02FBD8411E85499600EA38DB /* nssl0046.jpg in Resources */,
				025728331E8A8F2900346F9B /* cuteLilGuy.jpg in Resources */,
				02FBD8421E85499600EA38DB /* nssl0049.jpg in Resources */,
				02FBD83E1E85499600EA38DB /* nssl0042.jpg in Resources */,
				02FBD81A1E8548F100EA38DB /* LaunchScreen.xib in Resources */,
				02FBD8441E85499600EA38DB /* nssl0091.jpg in Resources */,
				0257282F1E8A8F2900346F9B /* cuteDoggo.jpg in Resources */,
				02FBD83D1E85499600EA38DB /* nssl0041.jpg in Resources */,
				02FBD8171E8548F100EA38DB /* Images.xcassets in Resources */,
			);
			runOnlyForDeploymentPostprocessing = 0;
		};
		02FBD81D1E8548F100EA38DB /* Resources */ = {
			isa = PBXResourcesBuildPhase;
			buildActionMask = 2147483647;
			files = (
			);
			runOnlyForDeploymentPostprocessing = 0;
		};
/* End PBXResourcesBuildPhase section */

/* Begin PBXSourcesBuildPhase section */
		02FBD8041E8548F100EA38DB /* Sources */ = {
			isa = PBXSourcesBuildPhase;
			buildActionMask = 2147483647;
			files = (
				02FBD8121E8548F100EA38DB /* DetailViewController.swift in Sources */,
				02FBD8101E8548F100EA38DB /* MasterViewController.swift in Sources */,
				02FBD80E1E8548F100EA38DB /* AppDelegate.swift in Sources */,
			);
			runOnlyForDeploymentPostprocessing = 0;
		};
		02FBD81B1E8548F100EA38DB /* Sources */ = {
			isa = PBXSourcesBuildPhase;
			buildActionMask = 2147483647;
			files = (
				02FBD8261E8548F100EA38DB /* Project1Tests.swift in Sources */,
			);
			runOnlyForDeploymentPostprocessing = 0;
		};
/* End PBXSourcesBuildPhase section */

/* Begin PBXTargetDependency section */
		02FBD8211E8548F100EA38DB /* PBXTargetDependency */ = {
			isa = PBXTargetDependency;
			target = 02FBD8071E8548F100EA38DB /* Project1 */;
			targetProxy = 02FBD8201E8548F100EA38DB /* PBXContainerItemProxy */;
		};
/* End PBXTargetDependency section */

/* Begin PBXVariantGroup section */
		02FBD8131E8548F100EA38DB /* Main.storyboard */ = {
			isa = PBXVariantGroup;
			children = (
				02FBD8141E8548F100EA38DB /* Base */,
			);
			name = Main.storyboard;
			sourceTree = "<group>";
		};
		02FBD8181E8548F100EA38DB /* LaunchScreen.xib */ = {
			isa = PBXVariantGroup;
			children = (
				02FBD8191E8548F100EA38DB /* Base */,
			);
			name = LaunchScreen.xib;
			sourceTree = "<group>";
		};
/* End PBXVariantGroup section */

/* Begin XCBuildConfiguration section */
		02FBD8271E8548F100EA38DB /* Debug */ = {
			isa = XCBuildConfiguration;
			buildSettings = {
				ALWAYS_SEARCH_USER_PATHS = NO;
				CLANG_CXX_LANGUAGE_STANDARD = "gnu++0x";
				CLANG_CXX_LIBRARY = "libc++";
				CLANG_ENABLE_MODULES = YES;
				CLANG_ENABLE_OBJC_ARC = YES;
				CLANG_WARN_BOOL_CONVERSION = YES;
				CLANG_WARN_CONSTANT_CONVERSION = YES;
				CLANG_WARN_DIRECT_OBJC_ISA_USAGE = YES_ERROR;
				CLANG_WARN_EMPTY_BODY = YES;
				CLANG_WARN_ENUM_CONVERSION = YES;
				CLANG_WARN_INT_CONVERSION = YES;
				CLANG_WARN_OBJC_ROOT_CLASS = YES_ERROR;
				CLANG_WARN_UNREACHABLE_CODE = YES;
				CLANG_WARN__DUPLICATE_METHOD_MATCH = YES;
				"CODE_SIGN_IDENTITY[sdk=iphoneos*]" = "iPhone Developer";
				COPY_PHASE_STRIP = NO;
				DEBUG_INFORMATION_FORMAT = "dwarf-with-dsym";
				ENABLE_STRICT_OBJC_MSGSEND = YES;
				GCC_C_LANGUAGE_STANDARD = gnu99;
				GCC_DYNAMIC_NO_PIC = NO;
				GCC_NO_COMMON_BLOCKS = YES;
				GCC_OPTIMIZATION_LEVEL = 0;
				GCC_PREPROCESSOR_DEFINITIONS = (
					"DEBUG=1",
					"$(inherited)",
				);
				GCC_SYMBOLS_PRIVATE_EXTERN = NO;
				GCC_WARN_64_TO_32_BIT_CONVERSION = YES;
				GCC_WARN_ABOUT_RETURN_TYPE = YES_ERROR;
				GCC_WARN_UNDECLARED_SELECTOR = YES;
				GCC_WARN_UNINITIALIZED_AUTOS = YES_AGGRESSIVE;
				GCC_WARN_UNUSED_FUNCTION = YES;
				GCC_WARN_UNUSED_VARIABLE = YES;
				IPHONEOS_DEPLOYMENT_TARGET = 8.4;
				MTL_ENABLE_DEBUG_INFO = YES;
				ONLY_ACTIVE_ARCH = YES;
				SDKROOT = iphoneos;
				SWIFT_OPTIMIZATION_LEVEL = "-Onone";
			};
			name = Debug;
		};
		02FBD8281E8548F100EA38DB /* Release */ = {
			isa = XCBuildConfiguration;
			buildSettings = {
				ALWAYS_SEARCH_USER_PATHS = NO;
				CLANG_CXX_LANGUAGE_STANDARD = "gnu++0x";
				CLANG_CXX_LIBRARY = "libc++";
				CLANG_ENABLE_MODULES = YES;
				CLANG_ENABLE_OBJC_ARC = YES;
				CLANG_WARN_BOOL_CONVERSION = YES;
				CLANG_WARN_CONSTANT_CONVERSION = YES;
				CLANG_WARN_DIRECT_OBJC_ISA_USAGE = YES_ERROR;
				CLANG_WARN_EMPTY_BODY = YES;
				CLANG_WARN_ENUM_CONVERSION = YES;
				CLANG_WARN_INT_CONVERSION = YES;
				CLANG_WARN_OBJC_ROOT_CLASS = YES_ERROR;
				CLANG_WARN_UNREACHABLE_CODE = YES;
				CLANG_WARN__DUPLICATE_METHOD_MATCH = YES;
				"CODE_SIGN_IDENTITY[sdk=iphoneos*]" = "iPhone Developer";
				COPY_PHASE_STRIP = NO;
				DEBUG_INFORMATION_FORMAT = "dwarf-with-dsym";
				ENABLE_NS_ASSERTIONS = NO;
				ENABLE_STRICT_OBJC_MSGSEND = YES;
				GCC_C_LANGUAGE_STANDARD = gnu99;
				GCC_NO_COMMON_BLOCKS = YES;
				GCC_WARN_64_TO_32_BIT_CONVERSION = YES;
				GCC_WARN_ABOUT_RETURN_TYPE = YES_ERROR;
				GCC_WARN_UNDECLARED_SELECTOR = YES;
				GCC_WARN_UNINITIALIZED_AUTOS = YES_AGGRESSIVE;
				GCC_WARN_UNUSED_FUNCTION = YES;
				GCC_WARN_UNUSED_VARIABLE = YES;
				IPHONEOS_DEPLOYMENT_TARGET = 8.4;
				MTL_ENABLE_DEBUG_INFO = NO;
				SDKROOT = iphoneos;
				VALIDATE_PRODUCT = YES;
			};
			name = Release;
		};
		02FBD82A1E8548F100EA38DB /* Debug */ = {
			isa = XCBuildConfiguration;
			buildSettings = {
				ASSETCATALOG_COMPILER_APPICON_NAME = AppIcon;
				INFOPLIST_FILE = Project1/Info.plist;
				LD_RUNPATH_SEARCH_PATHS = "$(inherited) @executable_path/Frameworks";
				PRODUCT_NAME = "$(TARGET_NAME)";
			};
			name = Debug;
		};
		02FBD82B1E8548F100EA38DB /* Release */ = {
			isa = XCBuildConfiguration;
			buildSettings = {
				ASSETCATALOG_COMPILER_APPICON_NAME = AppIcon;
				INFOPLIST_FILE = Project1/Info.plist;
				LD_RUNPATH_SEARCH_PATHS = "$(inherited) @executable_path/Frameworks";
				PRODUCT_NAME = "$(TARGET_NAME)";
			};
			name = Release;
		};
		02FBD82D1E8548F100EA38DB /* Debug */ = {
			isa = XCBuildConfiguration;
			buildSettings = {
				BUNDLE_LOADER = "$(TEST_HOST)";
				FRAMEWORK_SEARCH_PATHS = (
					"$(SDKROOT)/Developer/Library/Frameworks",
					"$(inherited)",
				);
				GCC_PREPROCESSOR_DEFINITIONS = (
					"DEBUG=1",
					"$(inherited)",
				);
				INFOPLIST_FILE = Project1Tests/Info.plist;
				LD_RUNPATH_SEARCH_PATHS = "$(inherited) @executable_path/Frameworks @loader_path/Frameworks";
				PRODUCT_NAME = "$(TARGET_NAME)";
				TEST_HOST = "$(BUILT_PRODUCTS_DIR)/Project1.app/Project1";
			};
			name = Debug;
		};
		02FBD82E1E8548F100EA38DB /* Release */ = {
			isa = XCBuildConfiguration;
			buildSettings = {
				BUNDLE_LOADER = "$(TEST_HOST)";
				FRAMEWORK_SEARCH_PATHS = (
					"$(SDKROOT)/Developer/Library/Frameworks",
					"$(inherited)",
				);
				INFOPLIST_FILE = Project1Tests/Info.plist;
				LD_RUNPATH_SEARCH_PATHS = "$(inherited) @executable_path/Frameworks @loader_path/Frameworks";
				PRODUCT_NAME = "$(TARGET_NAME)";
				TEST_HOST = "$(BUILT_PRODUCTS_DIR)/Project1.app/Project1";
			};
			name = Release;
		};
/* End XCBuildConfiguration section */

/* Begin XCConfigurationList section */
		02FBD8031E8548F100EA38DB /* Build configuration list for PBXProject "Project1" */ = {
			isa = XCConfigurationList;
			buildConfigurations = (
				02FBD8271E8548F100EA38DB /* Debug */,
				02FBD8281E8548F100EA38DB /* Release */,
			);
			defaultConfigurationIsVisible = 0;
			defaultConfigurationName = Release;
		};
		02FBD8291E8548F100EA38DB /* Build configuration list for PBXNativeTarget "Project1" */ = {
			isa = XCConfigurationList;
			buildConfigurations = (
				02FBD82A1E8548F100EA38DB /* Debug */,
				02FBD82B1E8548F100EA38DB /* Release */,
			);
			defaultConfigurationIsVisible = 0;
			defaultConfigurationName = Release;
		};
		02FBD82C1E8548F100EA38DB /* Build configuration list for PBXNativeTarget "Project1Tests" */ = {
			isa = XCConfigurationList;
			buildConfigurations = (
				02FBD82D1E8548F100EA38DB /* Debug */,
				02FBD82E1E8548F100EA38DB /* Release */,
			);
			defaultConfigurationIsVisible = 0;
			defaultConfigurationName = Release;
		};
/* End XCConfigurationList section */
	};
	rootObject = 02FBD8001E8548F100EA38DB /* Project object */;
}
